
Microsoft Visual Studio Solution File, Format Version 12.00
# Visual Studio Version 16
VisualStudioVersion = 16.0.29020.237
MinimumVisualStudioVersion = 10.0.40219.1
Project("{FAE04EC0-301F-11D3-BF4B-00C04F79EFBC}") = "AppVentas.Android", "AppVentas\AppVentas.Android\AppVentas.Android.csproj", "{584E3234-384B-4B43-A506-B839E95F7580}"
EndProject
Project("{FAE04EC0-301F-11D3-BF4B-00C04F79EFBC}") = "AppVentas", "AppVentas\AppVentas\AppVentas.csproj", "{68E03BBA-3566-4643-BB5D-ECD122E66754}"
EndProject
Global
	GlobalSection(SolutionConfigurationPlatforms) = preSolution
		Debug|Any CPU = Debug|Any CPU
		Release|Any CPU = Release|Any CPU
	EndGlobalSection
	GlobalSection(ProjectConfigurationPlatforms) = postSolution
		{584E3234-384B-4B43-A506-B839E95F7580}.Debug|Any CPU.ActiveCfg = Debug|Any CPU
		{584E3234-384B-4B43-A506-B839E95F7580}.Debug|Any CPU.Build.0 = Debug|Any CPU
		{584E3234-384B-4B43-A506-B839E95F7580}.Debug|Any CPU.Deploy.0 = Debug|Any CPU
		{584E3234-384B-4B43-A506-B839E95F7580}.Release|Any CPU.ActiveCfg = Release|Any CPU
		{584E3234-384B-4B43-A506-B839E95F7580}.Release|Any CPU.Build.0 = Release|Any CPU
		{584E3234-384B-4B43-A506-B839E95F7580}.Release|Any CPU.Deploy.0 = Release|Any CPU
		{68E03BBA-3566-4643-BB5D-ECD122E66754}.Debug|Any CPU.ActiveCfg = Debug|Any CPU
		{68E03BBA-3566-4643-BB5D-ECD122E66754}.Debug|Any CPU.Build.0 = Debug|Any CPU
		{68E03BBA-3566-4643-BB5D-ECD122E66754}.Debug|Any CPU.Deploy.0 = Debug|Any CPU
		{68E03BBA-3566-4643-BB5D-ECD122E66754}.Release|Any CPU.ActiveCfg = Release|Any CPU
		{68E03BBA-3566-4643-BB5D-ECD122E66754}.Release|Any CPU.Build.0 = Release|Any CPU
		{68E03BBA-3566-4643-BB5D-ECD122E66754}.Release|Any CPU.Deploy.0 = Release|Any CPU
	EndGlobalSection
	GlobalSection(SolutionProperties) = preSolution
		HideSolutionNode = FALSE
	EndGlobalSection
	GlobalSection(ExtensibilityGlobals) = postSolution
		SolutionGuid = {63900433-4CF0-44DA-A29C-1F2C171434AF}
	EndGlobalSection
EndGlobal
